
Microsoft Visual Studio Solution File, Format Version 12.00
# Visual Studio Version 17
VisualStudioVersion = 17.5.33516.290
MinimumVisualStudioVersion = 10.0.40219.1
Project("{FAE04EC0-301F-11D3-BF4B-00C04F79EFBC}") = "API", "API\API.csproj", "{47659EDC-C4E8-4529-B525-2F01E6E47026}"
EndProject
Global
	GlobalSection(SolutionConfigurationPlatforms) = preSolution
		Debug|Any CPU = Debug|Any CPU
		Release|Any CPU = Release|Any CPU
	EndGlobalSection
	GlobalSection(ProjectConfigurationPlatforms) = postSolution
		{47659EDC-C4E8-4529-B525-2F01E6E47026}.Debug|Any CPU.ActiveCfg = Debug|Any CPU
		{47659EDC-C4E8-4529-B525-2F01E6E47026}.Debug|Any CPU.Build.0 = Debug|Any CPU
		{47659EDC-C4E8-4529-B525-2F01E6E47026}.Release|Any CPU.ActiveCfg = Release|Any CPU
		{47659EDC-C4E8-4529-B525-2F01E6E47026}.Release|Any CPU.Build.0 = Release|Any CPU
	EndGlobalSection
	GlobalSection(SolutionProperties) = preSolution
		HideSolutionNode = FALSE
	EndGlobalSection
	GlobalSection(ExtensibilityGlobals) = postSolution
		SolutionGuid = {B4452FA6-4474-4B42-A94B-09EE4F860891}
	EndGlobalSection
EndGlobal
